
Microsoft Visual Studio Solution File, Format Version 12.00
# Visual Studio Version 18
VisualStudioVersion = 18.0.11222.15
MinimumVisualStudioVersion = 10.0.40219.1
Project("{FAE04EC0-301F-11D3-BF4B-00C04F79EFBC}") = "EMI.API", "EMI.API\EMI.API.csproj", "{BF80FC7B-81E7-8CAF-8203-A5D2E910F8EE}"
EndProject
Project("{FAE04EC0-301F-11D3-BF4B-00C04F79EFBC}") = "EMI.Application", "EMI.Application\EMI.Application.csproj", "{6352B65E-FAA1-3F5C-0206-E6CB898C6D5A}"
EndProject
Project("{FAE04EC0-301F-11D3-BF4B-00C04F79EFBC}") = "EMI.Domain", "EMI.Domain\EMI.Domain.csproj", "{862F1DEE-242B-D6DD-2133-9736C795C834}"
EndProject
Project("{FAE04EC0-301F-11D3-BF4B-00C04F79EFBC}") = "EMI.Hangfire", "EMI.Hangfire\EMI.Hangfire.csproj", "{48096688-1385-6798-2C6D-F9AB8DF043A8}"
EndProject
Project("{FAE04EC0-301F-11D3-BF4B-00C04F79EFBC}") = "EMI.Infrastructure", "EMI.Infrastructure\EMI.Infrastructure.csproj", "{BEE6E5B6-836B-FEA0-F174-45BE0BCC14DD}"
EndProject
Project("{FAE04EC0-301F-11D3-BF4B-00C04F79EFBC}") = "EMI.Tests", "EMI.Tests\EMI.Tests.csproj", "{26B22483-9FFB-04AD-94AE-723EB14C0318}"
EndProject
Global
	GlobalSection(SolutionConfigurationPlatforms) = preSolution
		Debug|Any CPU = Debug|Any CPU
		Release|Any CPU = Release|Any CPU
	EndGlobalSection
	GlobalSection(ProjectConfigurationPlatforms) = postSolution
		{BF80FC7B-81E7-8CAF-8203-A5D2E910F8EE}.Debug|Any CPU.ActiveCfg = Debug|Any CPU
		{BF80FC7B-81E7-8CAF-8203-A5D2E910F8EE}.Debug|Any CPU.Build.0 = Debug|Any CPU
		{BF80FC7B-81E7-8CAF-8203-A5D2E910F8EE}.Release|Any CPU.ActiveCfg = Release|Any CPU
		{BF80FC7B-81E7-8CAF-8203-A5D2E910F8EE}.Release|Any CPU.Build.0 = Release|Any CPU
		{6352B65E-FAA1-3F5C-0206-E6CB898C6D5A}.Debug|Any CPU.ActiveCfg = Debug|Any CPU
		{6352B65E-FAA1-3F5C-0206-E6CB898C6D5A}.Debug|Any CPU.Build.0 = Debug|Any CPU
		{6352B65E-FAA1-3F5C-0206-E6CB898C6D5A}.Release|Any CPU.ActiveCfg = Release|Any CPU
		{6352B65E-FAA1-3F5C-0206-E6CB898C6D5A}.Release|Any CPU.Build.0 = Release|Any CPU
		{862F1DEE-242B-D6DD-2133-9736C795C834}.Debug|Any CPU.ActiveCfg = Debug|Any CPU
		{862F1DEE-242B-D6DD-2133-9736C795C834}.Debug|Any CPU.Build.0 = Debug|Any CPU
		{862F1DEE-242B-D6DD-2133-9736C795C834}.Release|Any CPU.ActiveCfg = Release|Any CPU
		{862F1DEE-242B-D6DD-2133-9736C795C834}.Release|Any CPU.Build.0 = Release|Any CPU
		{48096688-1385-6798-2C6D-F9AB8DF043A8}.Debug|Any CPU.ActiveCfg = Debug|Any CPU
		{48096688-1385-6798-2C6D-F9AB8DF043A8}.Debug|Any CPU.Build.0 = Debug|Any CPU
		{48096688-1385-6798-2C6D-F9AB8DF043A8}.Release|Any CPU.ActiveCfg = Release|Any CPU
		{48096688-1385-6798-2C6D-F9AB8DF043A8}.Release|Any CPU.Build.0 = Release|Any CPU
		{BEE6E5B6-836B-FEA0-F174-45BE0BCC14DD}.Debug|Any CPU.ActiveCfg = Debug|Any CPU
		{BEE6E5B6-836B-FEA0-F174-45BE0BCC14DD}.Debug|Any CPU.Build.0 = Debug|Any CPU
		{BEE6E5B6-836B-FEA0-F174-45BE0BCC14DD}.Release|Any CPU.ActiveCfg = Release|Any CPU
		{BEE6E5B6-836B-FEA0-F174-45BE0BCC14DD}.Release|Any CPU.Build.0 = Release|Any CPU
		{26B22483-9FFB-04AD-94AE-723EB14C0318}.Debug|Any CPU.ActiveCfg = Debug|Any CPU
		{26B22483-9FFB-04AD-94AE-723EB14C0318}.Debug|Any CPU.Build.0 = Debug|Any CPU
		{26B22483-9FFB-04AD-94AE-723EB14C0318}.Release|Any CPU.ActiveCfg = Release|Any CPU
		{26B22483-9FFB-04AD-94AE-723EB14C0318}.Release|Any CPU.Build.0 = Release|Any CPU
	EndGlobalSection
	GlobalSection(SolutionProperties) = preSolution
		HideSolutionNode = FALSE
	EndGlobalSection
	GlobalSection(ExtensibilityGlobals) = postSolution
		SolutionGuid = {AD16B47C-3A82-4072-9826-E07A1F1E7511}
	EndGlobalSection
EndGlobal
